
Microsoft Visual Studio Solution File, Format Version 12.00
# Visual Studio Version 16
VisualStudioVersion = 16.0.29215.179
MinimumVisualStudioVersion = 10.0.40219.1
Project("{FAE04EC0-301F-11D3-BF4B-00C04F79EFBC}") = "WPFMETRO", "WPFMETRO\WPFMETRO.csproj", "{52E7D14F-96AD-4F99-BBBF-3E06C2F403E1}"
EndProject
Global
	GlobalSection(SolutionConfigurationPlatforms) = preSolution
		Debug|Any CPU = Debug|Any CPU
		Release|Any CPU = Release|Any CPU
	EndGlobalSection
	GlobalSection(ProjectConfigurationPlatforms) = postSolution
		{52E7D14F-96AD-4F99-BBBF-3E06C2F403E1}.Debug|Any CPU.ActiveCfg = Debug|Any CPU
		{52E7D14F-96AD-4F99-BBBF-3E06C2F403E1}.Debug|Any CPU.Build.0 = Debug|Any CPU
		{52E7D14F-96AD-4F99-BBBF-3E06C2F403E1}.Release|Any CPU.ActiveCfg = Release|Any CPU
		{52E7D14F-96AD-4F99-BBBF-3E06C2F403E1}.Release|Any CPU.Build.0 = Release|Any CPU
	EndGlobalSection
	GlobalSection(SolutionProperties) = preSolution
		HideSolutionNode = FALSE
	EndGlobalSection
	GlobalSection(ExtensibilityGlobals) = postSolution
		SolutionGuid = {06E06374-35DF-4EC9-BF39-89DCE4C1C0F1}
	EndGlobalSection
EndGlobal
